
Microsoft Visual Studio Solution File, Format Version 12.00
# Visual Studio 15
VisualStudioVersion = 15.0.28307.572
MinimumVisualStudioVersion = 10.0.40219.1
Project("{FAE04EC0-301F-11D3-BF4B-00C04F79EFBC}") = "FirstWinApp", "FirstWinApp\FirstWinApp.csproj", "{804A8467-A635-493A-B17B-A9B15EE701A6}"
EndProject
Global
	GlobalSection(SolutionConfigurationPlatforms) = preSolution
		Debug|Any CPU = Debug|Any CPU
		Release|Any CPU = Release|Any CPU
	EndGlobalSection
	GlobalSection(ProjectConfigurationPlatforms) = postSolution
		{804A8467-A635-493A-B17B-A9B15EE701A6}.Debug|Any CPU.ActiveCfg = Debug|Any CPU
		{804A8467-A635-493A-B17B-A9B15EE701A6}.Debug|Any CPU.Build.0 = Debug|Any CPU
		{804A8467-A635-493A-B17B-A9B15EE701A6}.Release|Any CPU.ActiveCfg = Release|Any CPU
		{804A8467-A635-493A-B17B-A9B15EE701A6}.Release|Any CPU.Build.0 = Release|Any CPU
	EndGlobalSection
	GlobalSection(SolutionProperties) = preSolution
		HideSolutionNode = FALSE
	EndGlobalSection
	GlobalSection(ExtensibilityGlobals) = postSolution
		SolutionGuid = {023D324B-69FF-4C91-AB1D-90B5DF2FF8E9}
	EndGlobalSection
EndGlobal
